<?xml version="1.0" encoding="utf-8"?>
<Project ToolsVersion="4.0" xmlns="http://schemas.microsoft.com/developer/msbuild/2003">
  <ItemGroup>
    <ClCompile Include="..\src\main.cpp" />
    <ClCompile Include="..\src\Pipeline.cpp">
      <Filter>Engine\Renderer</Filter>
    </ClCompile>
    <ClCompile Include="..\src\PixelEmitter.cpp">
      <Filter>Engine\Renderer</Filter>
    </ClCompile>
    <ClCompile Include="..\src\Rasterizer.cpp">
      <Filter>Engine\Renderer</Filter>
    </ClCompile>
    <ClCompile Include="..\src\Shader.cpp">
      <Filter>Engine\Renderer</Filter>
    </ClCompile>
    <ClCompile Include="..\src\ConsoleWindow.cpp">
      <Filter>Engine\Win32</Filter>
    </ClCompile>
    <ClCompile Include="..\src\MouseInputReceiver.cpp">
      <Filter>Engine\Win32</Filter>
    </ClCompile>
    <ClCompile Include="..\src\AsciiGrayScale.cpp">
      <Filter>Engine\Utils</Filter>
    </ClCompile>
    <ClCompile Include="..\src\MapGenerator.cpp">
      <Filter>Engine\Utils</Filter>
    </ClCompile>
    <ClCompile Include="..\src\MapMesh.cpp">
      <Filter>Engine\Utils</Filter>
    </ClCompile>
    <ClCompile Include="..\src\ObjMeshDumpper.cpp">
      <Filter>Engine\Utils\Debugger</Filter>
    </ClCompile>
  </ItemGroup>
  <ItemGroup>
    <ClInclude Include="..\src\Shader.h">
      <Filter>Engine\Renderer</Filter>
    </ClInclude>
    <ClInclude Include="..\src\Pipeline.h">
      <Filter>Engine\Renderer</Filter>
    </ClInclude>
    <ClInclude Include="..\src\PixelEmitter.h">
      <Filter>Engine\Renderer</Filter>
    </ClInclude>
    <ClInclude Include="..\src\Rasterizer.h">
      <Filter>Engine\Renderer</Filter>
    </ClInclude>
    <ClInclude Include="..\src\ConsoleWindow.h">
      <Filter>Engine\Win32</Filter>
    </ClInclude>
    <ClInclude Include="..\src\MouseInputReceiver.h">
      <Filter>Engine\Win32</Filter>
    </ClInclude>
    <ClInclude Include="..\src\WinAPIDebug.h">
      <Filter>Engine\Win32</Filter>
    </ClInclude>
    <ClInclude Include="..\src\AsciiGrayScale.h">
      <Filter>Engine\Utils</Filter>
    </ClInclude>
    <ClInclude Include="..\src\MapGenerator.h">
      <Filter>Engine\Utils</Filter>
    </ClInclude>
    <ClInclude Include="..\src\MapMesh.h">
      <Filter>Engine\Utils</Filter>
    </ClInclude>
    <ClInclude Include="..\src\ObjMeshDumpper.h">
      <Filter>Engine\Utils\Debugger</Filter>
    </ClInclude>
  </ItemGroup>
  <ItemGroup>
    <Filter Include="Engine">
      <UniqueIdentifier>{e65fe51c-77c5-473c-be04-446ee5b5bf34}</UniqueIdentifier>
    </Filter>
    <Filter Include="Engine\Renderer">
      <UniqueIdentifier>{c756bd54-5889-451e-b212-29d919112386}</UniqueIdentifier>
    </Filter>
    <Filter Include="Engine\Win32">
      <UniqueIdentifier>{00a71379-d598-44b4-9b74-92a753501c64}</UniqueIdentifier>
    </Filter>
    <Filter Include="Engine\Utils">
      <UniqueIdentifier>{7cb2a0d8-dfe3-443e-8d49-6b28a260851a}</UniqueIdentifier>
    </Filter>
    <Filter Include="Engine\Utils\Debugger">
      <UniqueIdentifier>{d87a8589-324c-46ed-82ff-b00cb3fe47c0}</UniqueIdentifier>
    </Filter>
  </ItemGroup>
</Project>