<?xml version="1.0" encoding="utf-8"?>
<Project ToolsVersion="4.0" xmlns="http://schemas.microsoft.com/developer/msbuild/2003">
  <ItemGroup>
    <ClCompile Include="..\src\main.cpp" />
    <ClCompile Include="..\src\Pipeline.cpp">
      <Filter>Engine\Renderer</Filter>
    </ClCompile>
    <ClCompile Include="..\src\PixelEmitter.cpp">
      <Filter>Engine\Renderer</Filter>
    </ClCompile>
    <ClCompile Include="..\src\Rasterizer.cpp">
      <Filter>Engine\Renderer</Filter>
    </ClCompile>
    <ClCompile Include="..\src\Shader.cpp">
      <Filter>Engine\Renderer</Filter>
    </ClCompile>
    <ClCompile Include="..\src\ConsoleWindow.cpp">
      <Filter>Engine</Filter>
    </ClCompile>
  </ItemGroup>
  <ItemGroup>
    <ClInclude Include="..\src\Shader.h">
      <Filter>Engine\Renderer</Filter>
    </ClInclude>
    <ClInclude Include="..\src\Pipeline.h">
      <Filter>Engine\Renderer</Filter>
    </ClInclude>
    <ClInclude Include="..\src\PixelEmitter.h">
      <Filter>Engine\Renderer</Filter>
    </ClInclude>
    <ClInclude Include="..\src\Rasterizer.h">
      <Filter>Engine\Renderer</Filter>
    </ClInclude>
    <ClInclude Include="..\src\ConsoleWindow.h">
      <Filter>Engine</Filter>
    </ClInclude>
  </ItemGroup>
  <ItemGroup>
    <Filter Include="Engine">
      <UniqueIdentifier>{e65fe51c-77c5-473c-be04-446ee5b5bf34}</UniqueIdentifier>
    </Filter>
    <Filter Include="Engine\Renderer">
      <UniqueIdentifier>{c756bd54-5889-451e-b212-29d919112386}</UniqueIdentifier>
    </Filter>
  </ItemGroup>
</Project>